github.com/joho/godotenv v1.5.1 h1:7eLL/+HRGLY0ldzfGMeQkb7vMd0as4CfYvUVzLqw0N0=
github.com/joho/godotenv v1.5.1/go.mod h1:f4LDr5Voq0i2e/R5DDNOoa2zzDfwtkZa6DnEwAbqwq4=
golang.org/x/example/hello v0.0.0-20230810185935-9fd7daa707c3 h1:sxVo7zRQvBTtgzzlwt6veETNzpN3fnVPr7lFhhgVc8w=
golang.org/x/example/hello v0.0.0-20230810185935-9fd7daa707c3/go.mod h1:UhUKOXx5fMcLZxwL20DUrWWBBoRYG9Jvc8FiwZhRHCI=
